// !$*UTF8*$!
{
	archiveVersion = 1;
	classes = {
	};
	objectVersion = 46;
	objects = {

/* Begin PBXBuildFile section */
		074414FB1FD04CA1B4F1A1B9 /* libPods-StatsDTests.a in Frameworks */ = {isa = PBXBuildFile; fileRef = F7A647FA96F04B459643A9CB /* libPods-StatsDTests.a */; };
		BE750D41C16D40E5A79F4985 /* libPods-StatsD.a in Frameworks */ = {isa = PBXBuildFile; fileRef = FA0FE0C463F34FDE8644EC46 /* libPods-StatsD.a */; };
		E2296209162DB27D00BC5B8F /* Cocoa.framework in Frameworks */ = {isa = PBXBuildFile; fileRef = E25342AE15BEB0970009F19D /* Cocoa.framework */; };
		E2296217162DB35300BC5B8F /* StatsD.framework in Frameworks */ = {isa = PBXBuildFile; fileRef = E2296208162DB27D00BC5B8F /* StatsD.framework */; };
		E229621C162DB39500BC5B8F /* StatsD.h in Headers */ = {isa = PBXBuildFile; fileRef = E25342B715BEB0970009F19D /* StatsD.h */; settings = {ATTRIBUTES = (Public, ); }; };
		E229621D162DB39900BC5B8F /* StatsD-Prefix.pch in Headers */ = {isa = PBXBuildFile; fileRef = E25342B615BEB0970009F19D /* StatsD-Prefix.pch */; };
		E229621E162DB40B00BC5B8F /* StatsD.m in Sources */ = {isa = PBXBuildFile; fileRef = E25342B815BEB0970009F19D /* StatsD.m */; };
		E25342C115BEB0970009F19D /* SenTestingKit.framework in Frameworks */ = {isa = PBXBuildFile; fileRef = E25342C015BEB0970009F19D /* SenTestingKit.framework */; };
		E25342C215BEB0970009F19D /* Cocoa.framework in Frameworks */ = {isa = PBXBuildFile; fileRef = E25342AE15BEB0970009F19D /* Cocoa.framework */; };
		E25342CB15BEB0980009F19D /* InfoPlist.strings in Resources */ = {isa = PBXBuildFile; fileRef = E25342C915BEB0980009F19D /* InfoPlist.strings */; };
		E25342CE15BEB0980009F19D /* StatsDTests.m in Sources */ = {isa = PBXBuildFile; fileRef = E25342CD15BEB0980009F19D /* StatsDTests.m */; };
		E253457215BEDF9D0009F19D /* StatsD.m in Sources */ = {isa = PBXBuildFile; fileRef = E25342B815BEB0970009F19D /* StatsD.m */; };
/* End PBXBuildFile section */

/* Begin PBXCopyFilesBuildPhase section */
		E22961F9162A040200BC5B8F /* CopyFiles */ = {
			isa = PBXCopyFilesBuildPhase;
			buildActionMask = 2147483647;
			dstPath = "";
			dstSubfolderSpec = 16;
			files = (
			);
			runOnlyForDeploymentPostprocessing = 0;
		};
/* End PBXCopyFilesBuildPhase section */

/* Begin PBXFileReference section */
		562F9103D9ED46D6B586C346 /* Pods-StatsDTests.xcconfig */ = {isa = PBXFileReference; includeInIndex = 1; lastKnownFileType = text.xcconfig; name = "Pods-StatsDTests.xcconfig"; path = "Pods/Pods-StatsDTests.xcconfig"; sourceTree = "<group>"; };
		7A55F4C18C2F4A4484B23D4E /* Pods-StatsD.xcconfig */ = {isa = PBXFileReference; includeInIndex = 1; lastKnownFileType = text.xcconfig; name = "Pods-StatsD.xcconfig"; path = "Pods/Pods-StatsD.xcconfig"; sourceTree = "<group>"; };
		BF79CAB1E46B457EB1C51776 /* Pods.xcconfig */ = {isa = PBXFileReference; includeInIndex = 1; lastKnownFileType = text.xcconfig; name = Pods.xcconfig; path = Pods/Pods.xcconfig; sourceTree = "<group>"; };
		E2296208162DB27D00BC5B8F /* StatsD.framework */ = {isa = PBXFileReference; explicitFileType = wrapper.framework; includeInIndex = 0; path = StatsD.framework; sourceTree = BUILT_PRODUCTS_DIR; };
		E25342AE15BEB0970009F19D /* Cocoa.framework */ = {isa = PBXFileReference; lastKnownFileType = wrapper.framework; name = Cocoa.framework; path = System/Library/Frameworks/Cocoa.framework; sourceTree = SDKROOT; };
		E25342B615BEB0970009F19D /* StatsD-Prefix.pch */ = {isa = PBXFileReference; lastKnownFileType = sourcecode.c.h; path = "StatsD-Prefix.pch"; sourceTree = "<group>"; };
		E25342B715BEB0970009F19D /* StatsD.h */ = {isa = PBXFileReference; lastKnownFileType = sourcecode.c.h; path = StatsD.h; sourceTree = "<group>"; };
		E25342B815BEB0970009F19D /* StatsD.m */ = {isa = PBXFileReference; lastKnownFileType = sourcecode.c.objc; path = StatsD.m; sourceTree = "<group>"; };
		E25342BF15BEB0970009F19D /* StatsDTests.octest */ = {isa = PBXFileReference; explicitFileType = wrapper.cfbundle; includeInIndex = 0; path = StatsDTests.octest; sourceTree = BUILT_PRODUCTS_DIR; };
		E25342C015BEB0970009F19D /* SenTestingKit.framework */ = {isa = PBXFileReference; lastKnownFileType = wrapper.framework; name = SenTestingKit.framework; path = Library/Frameworks/SenTestingKit.framework; sourceTree = DEVELOPER_DIR; };
		E25342C815BEB0980009F19D /* StatsDTests-Info.plist */ = {isa = PBXFileReference; lastKnownFileType = text.plist.xml; path = "StatsDTests-Info.plist"; sourceTree = "<group>"; };
		E25342CA15BEB0980009F19D /* en */ = {isa = PBXFileReference; lastKnownFileType = text.plist.strings; name = en; path = en.lproj/InfoPlist.strings; sourceTree = "<group>"; };
		E25342CC15BEB0980009F19D /* StatsDTests.h */ = {isa = PBXFileReference; lastKnownFileType = sourcecode.c.h; path = StatsDTests.h; sourceTree = "<group>"; };
		E25342CD15BEB0980009F19D /* StatsDTests.m */ = {isa = PBXFileReference; lastKnownFileType = sourcecode.c.objc; path = StatsDTests.m; sourceTree = "<group>"; };
		F7A647FA96F04B459643A9CB /* libPods-StatsDTests.a */ = {isa = PBXFileReference; explicitFileType = archive.ar; includeInIndex = 0; path = "libPods-StatsDTests.a"; sourceTree = BUILT_PRODUCTS_DIR; };
		FA0FE0C463F34FDE8644EC46 /* libPods-StatsD.a */ = {isa = PBXFileReference; explicitFileType = archive.ar; includeInIndex = 0; path = "libPods-StatsD.a"; sourceTree = BUILT_PRODUCTS_DIR; };
/* End PBXFileReference section */

/* Begin PBXFrameworksBuildPhase section */
		E2296204162DB27D00BC5B8F /* Frameworks */ = {
			isa = PBXFrameworksBuildPhase;
			buildActionMask = 2147483647;
			files = (
				E2296209162DB27D00BC5B8F /* Cocoa.framework in Frameworks */,
				BE750D41C16D40E5A79F4985 /* libPods-StatsD.a in Frameworks */,
			);
			runOnlyForDeploymentPostprocessing = 0;
		};
		E25342BB15BEB0970009F19D /* Frameworks */ = {
			isa = PBXFrameworksBuildPhase;
			buildActionMask = 2147483647;
			files = (
				E25342C115BEB0970009F19D /* SenTestingKit.framework in Frameworks */,
				E25342C215BEB0970009F19D /* Cocoa.framework in Frameworks */,
				E2296217162DB35300BC5B8F /* StatsD.framework in Frameworks */,
				074414FB1FD04CA1B4F1A1B9 /* libPods-StatsDTests.a in Frameworks */,
			);
			runOnlyForDeploymentPostprocessing = 0;
		};
/* End PBXFrameworksBuildPhase section */

/* Begin PBXGroup section */
		E25342A015BEB0970009F19D = {
			isa = PBXGroup;
			children = (
				E25342B415BEB0970009F19D /* StatsD */,
				E25342C615BEB0970009F19D /* StatsDTests */,
				E25342AD15BEB0970009F19D /* Frameworks */,
				E25342AC15BEB0970009F19D /* Products */,
				7A55F4C18C2F4A4484B23D4E /* Pods-StatsD.xcconfig */,
				BF79CAB1E46B457EB1C51776 /* Pods.xcconfig */,
				562F9103D9ED46D6B586C346 /* Pods-StatsDTests.xcconfig */,
			);
			sourceTree = "<group>";
		};
		E25342AC15BEB0970009F19D /* Products */ = {
			isa = PBXGroup;
			children = (
				E25342BF15BEB0970009F19D /* StatsDTests.octest */,
				E2296208162DB27D00BC5B8F /* StatsD.framework */,
			);
			name = Products;
			sourceTree = "<group>";
		};
		E25342AD15BEB0970009F19D /* Frameworks */ = {
			isa = PBXGroup;
			children = (
				E25342AE15BEB0970009F19D /* Cocoa.framework */,
				E25342C015BEB0970009F19D /* SenTestingKit.framework */,
				F7A647FA96F04B459643A9CB /* libPods-StatsDTests.a */,
				FA0FE0C463F34FDE8644EC46 /* libPods-StatsD.a */,
			);
			name = Frameworks;
			sourceTree = "<group>";
		};
		E25342B415BEB0970009F19D /* StatsD */ = {
			isa = PBXGroup;
			children = (
				E25342B715BEB0970009F19D /* StatsD.h */,
				E25342B815BEB0970009F19D /* StatsD.m */,
				E25342B515BEB0970009F19D /* Supporting Files */,
			);
			path = StatsD;
			sourceTree = "<group>";
		};
		E25342B515BEB0970009F19D /* Supporting Files */ = {
			isa = PBXGroup;
			children = (
				E25342B615BEB0970009F19D /* StatsD-Prefix.pch */,
			);
			name = "Supporting Files";
			sourceTree = "<group>";
		};
		E25342C615BEB0970009F19D /* StatsDTests */ = {
			isa = PBXGroup;
			children = (
				E25342CC15BEB0980009F19D /* StatsDTests.h */,
				E25342CD15BEB0980009F19D /* StatsDTests.m */,
				E25342C715BEB0980009F19D /* Supporting Files */,
			);
			path = StatsDTests;
			sourceTree = "<group>";
		};
		E25342C715BEB0980009F19D /* Supporting Files */ = {
			isa = PBXGroup;
			children = (
				E25342C815BEB0980009F19D /* StatsDTests-Info.plist */,
				E25342C915BEB0980009F19D /* InfoPlist.strings */,
			);
			name = "Supporting Files";
			sourceTree = "<group>";
		};
/* End PBXGroup section */

/* Begin PBXHeadersBuildPhase section */
		E2296205162DB27D00BC5B8F /* Headers */ = {
			isa = PBXHeadersBuildPhase;
			buildActionMask = 2147483647;
			files = (
				E229621C162DB39500BC5B8F /* StatsD.h in Headers */,
				E229621D162DB39900BC5B8F /* StatsD-Prefix.pch in Headers */,
			);
			runOnlyForDeploymentPostprocessing = 0;
		};
/* End PBXHeadersBuildPhase section */

/* Begin PBXNativeTarget section */
		E2296207162DB27D00BC5B8F /* StatsD */ = {
			isa = PBXNativeTarget;
			buildConfigurationList = E2296214162DB27D00BC5B8F /* Build configuration list for PBXNativeTarget "StatsD" */;
			buildPhases = (
				837440FD21E04B008467D72F /* Check Pods Manifest.lock */,
				E2296203162DB27D00BC5B8F /* Sources */,
				E2296204162DB27D00BC5B8F /* Frameworks */,
				E2296205162DB27D00BC5B8F /* Headers */,
				E2296206162DB27D00BC5B8F /* Resources */,
				9862D620509D4152BF4A22F5 /* Copy Pods Resources */,
			);
			buildRules = (
			);
			dependencies = (
			);
			name = StatsD;
			productName = StatsD;
			productReference = E2296208162DB27D00BC5B8F /* StatsD.framework */;
			productType = "com.apple.product-type.framework";
		};
		E25342BE15BEB0970009F19D /* StatsDTests */ = {
			isa = PBXNativeTarget;
			buildConfigurationList = E25342D415BEB0980009F19D /* Build configuration list for PBXNativeTarget "StatsDTests" */;
			buildPhases = (
				61E5008987AD40E5834F8FFB /* Check Pods Manifest.lock */,
				E25342BA15BEB0970009F19D /* Sources */,
				E25342BB15BEB0970009F19D /* Frameworks */,
				E25342BC15BEB0970009F19D /* Resources */,
				E22961F9162A040200BC5B8F /* CopyFiles */,
				E25342BD15BEB0970009F19D /* ShellScript */,
				0FA946CDF0A345CBB687CE3F /* Copy Pods Resources */,
			);
			buildRules = (
			);
			dependencies = (
			);
			name = StatsDTests;
			productName = StatsDTests;
			productReference = E25342BF15BEB0970009F19D /* StatsDTests.octest */;
			productType = "com.apple.product-type.bundle";
		};
/* End PBXNativeTarget section */

/* Begin PBXProject section */
		E25342A215BEB0970009F19D /* Project object */ = {
			isa = PBXProject;
			attributes = {
				LastTestingUpgradeCheck = 0510;
				LastUpgradeCheck = 0510;
				ORGANIZATIONNAME = "Newspaper Club";
			};
			buildConfigurationList = E25342A515BEB0970009F19D /* Build configuration list for PBXProject "StatsD" */;
			compatibilityVersion = "Xcode 3.2";
			developmentRegion = English;
			hasScannedForEncodings = 0;
			knownRegions = (
				en,
				English,
			);
			mainGroup = E25342A015BEB0970009F19D;
			productRefGroup = E25342AC15BEB0970009F19D /* Products */;
			projectDirPath = "";
			projectRoot = "";
			targets = (
				E25342BE15BEB0970009F19D /* StatsDTests */,
				E2296207162DB27D00BC5B8F /* StatsD */,
			);
		};
/* End PBXProject section */

/* Begin PBXResourcesBuildPhase section */
		E2296206162DB27D00BC5B8F /* Resources */ = {
			isa = PBXResourcesBuildPhase;
			buildActionMask = 2147483647;
			files = (
			);
			runOnlyForDeploymentPostprocessing = 0;
		};
		E25342BC15BEB0970009F19D /* Resources */ = {
			isa = PBXResourcesBuildPhase;
			buildActionMask = 2147483647;
			files = (
				E25342CB15BEB0980009F19D /* InfoPlist.strings in Resources */,
			);
			runOnlyForDeploymentPostprocessing = 0;
		};
/* End PBXResourcesBuildPhase section */

/* Begin PBXShellScriptBuildPhase section */
		0FA946CDF0A345CBB687CE3F /* Copy Pods Resources */ = {
			isa = PBXShellScriptBuildPhase;
			buildActionMask = 2147483647;
			files = (
			);
			inputPaths = (
			);
			name = "Copy Pods Resources";
			outputPaths = (
			);
			runOnlyForDeploymentPostprocessing = 0;
			shellPath = /bin/sh;
			shellScript = "\"${SRCROOT}/Pods/Pods-StatsDTests-resources.sh\"\n";
			showEnvVarsInLog = 0;
		};
		61E5008987AD40E5834F8FFB /* Check Pods Manifest.lock */ = {
			isa = PBXShellScriptBuildPhase;
			buildActionMask = 2147483647;
			files = (
			);
			inputPaths = (
			);
			name = "Check Pods Manifest.lock";
			outputPaths = (
			);
			runOnlyForDeploymentPostprocessing = 0;
			shellPath = /bin/sh;
			shellScript = "diff \"${PODS_ROOT}/../Podfile.lock\" \"${PODS_ROOT}/Manifest.lock\" > /dev/null\nif [[ $? != 0 ]] ; then\n    cat << EOM\nerror: The sandbox is not in sync with the Podfile.lock. Run 'pod install' or update your CocoaPods installation.\nEOM\n    exit 1\nfi\n";
			showEnvVarsInLog = 0;
		};
		837440FD21E04B008467D72F /* Check Pods Manifest.lock */ = {
			isa = PBXShellScriptBuildPhase;
			buildActionMask = 2147483647;
			files = (
			);
			inputPaths = (
			);
			name = "Check Pods Manifest.lock";
			outputPaths = (
			);
			runOnlyForDeploymentPostprocessing = 0;
			shellPath = /bin/sh;
			shellScript = "diff \"${PODS_ROOT}/../Podfile.lock\" \"${PODS_ROOT}/Manifest.lock\" > /dev/null\nif [[ $? != 0 ]] ; then\n    cat << EOM\nerror: The sandbox is not in sync with the Podfile.lock. Run 'pod install' or update your CocoaPods installation.\nEOM\n    exit 1\nfi\n";
			showEnvVarsInLog = 0;
		};
		9862D620509D4152BF4A22F5 /* Copy Pods Resources */ = {
			isa = PBXShellScriptBuildPhase;
			buildActionMask = 2147483647;
			files = (
			);
			inputPaths = (
			);
			name = "Copy Pods Resources";
			outputPaths = (
			);
			runOnlyForDeploymentPostprocessing = 0;
			shellPath = /bin/sh;
			shellScript = "\"${SRCROOT}/Pods/Pods-StatsD-resources.sh\"\n";
			showEnvVarsInLog = 0;
		};
		E25342BD15BEB0970009F19D /* ShellScript */ = {
			isa = PBXShellScriptBuildPhase;
			buildActionMask = 2147483647;
			files = (
			);
			inputPaths = (
			);
			outputPaths = (
			);
			runOnlyForDeploymentPostprocessing = 0;
			shellPath = /bin/sh;
			shellScript = "# Run the unit tests in this test bundle.\n\"${SYSTEM_DEVELOPER_DIR}/Tools/RunUnitTests\"\n";
		};
/* End PBXShellScriptBuildPhase section */

/* Begin PBXSourcesBuildPhase section */
		E2296203162DB27D00BC5B8F /* Sources */ = {
			isa = PBXSourcesBuildPhase;
			buildActionMask = 2147483647;
			files = (
				E229621E162DB40B00BC5B8F /* StatsD.m in Sources */,
			);
			runOnlyForDeploymentPostprocessing = 0;
		};
		E25342BA15BEB0970009F19D /* Sources */ = {
			isa = PBXSourcesBuildPhase;
			buildActionMask = 2147483647;
			files = (
				E25342CE15BEB0980009F19D /* StatsDTests.m in Sources */,
				E253457215BEDF9D0009F19D /* StatsD.m in Sources */,
			);
			runOnlyForDeploymentPostprocessing = 0;
		};
/* End PBXSourcesBuildPhase section */

/* Begin PBXVariantGroup section */
		E25342C915BEB0980009F19D /* InfoPlist.strings */ = {
			isa = PBXVariantGroup;
			children = (
				E25342CA15BEB0980009F19D /* en */,
			);
			name = InfoPlist.strings;
			sourceTree = "<group>";
		};
/* End PBXVariantGroup section */

/* Begin XCBuildConfiguration section */
		E2296215162DB27D00BC5B8F /* Debug */ = {
			isa = XCBuildConfiguration;
			baseConfigurationReference = 7A55F4C18C2F4A4484B23D4E /* Pods-StatsD.xcconfig */;
			buildSettings = {
				CLANG_CXX_LIBRARY = "libc++";
				CLANG_WARN_EMPTY_BODY = YES;
				COMBINE_HIDPI_IMAGES = YES;
				DYLIB_COMPATIBILITY_VERSION = 1;
				DYLIB_CURRENT_VERSION = 1;
				FRAMEWORK_VERSION = A;
				GCC_PRECOMPILE_PREFIX_HEADER = YES;
				GCC_PREFIX_HEADER = "StatsD/StatsD-Prefix.pch";
				INFOPLIST_FILE = "StatsD/StatsD-Info.plist";
				PRODUCT_NAME = "$(TARGET_NAME)";
				WRAPPER_EXTENSION = framework;
			};
			name = Debug;
		};
		E2296216162DB27D00BC5B8F /* Release */ = {
			isa = XCBuildConfiguration;
			baseConfigurationReference = 7A55F4C18C2F4A4484B23D4E /* Pods-StatsD.xcconfig */;
			buildSettings = {
				CLANG_CXX_LIBRARY = "libc++";
				CLANG_WARN_EMPTY_BODY = YES;
				COMBINE_HIDPI_IMAGES = YES;
				DYLIB_COMPATIBILITY_VERSION = 1;
				DYLIB_CURRENT_VERSION = 1;
				FRAMEWORK_VERSION = A;
				GCC_PRECOMPILE_PREFIX_HEADER = YES;
				GCC_PREFIX_HEADER = "StatsD/StatsD-Prefix.pch";
				INFOPLIST_FILE = "StatsD/StatsD-Info.plist";
				PRODUCT_NAME = "$(TARGET_NAME)";
				WRAPPER_EXTENSION = framework;
			};
			name = Release;
		};
		E25342CF15BEB0980009F19D /* Debug */ = {
			isa = XCBuildConfiguration;
			buildSettings = {
				ALWAYS_SEARCH_USER_PATHS = NO;
				CLANG_CXX_LANGUAGE_STANDARD = "gnu++0x";
				CLANG_ENABLE_OBJC_ARC = YES;
				CLANG_WARN__DUPLICATE_METHOD_MATCH = YES;
				COPY_PHASE_STRIP = NO;
				GCC_C_LANGUAGE_STANDARD = gnu99;
				GCC_DYNAMIC_NO_PIC = NO;
				GCC_ENABLE_OBJC_EXCEPTIONS = YES;
				GCC_OPTIMIZATION_LEVEL = 0;
				GCC_PREPROCESSOR_DEFINITIONS = (
					"DEBUG=1",
					"$(inherited)",
				);
				GCC_SYMBOLS_PRIVATE_EXTERN = NO;
				GCC_WARN_64_TO_32_BIT_CONVERSION = YES;
				GCC_WARN_ABOUT_RETURN_TYPE = YES;
				GCC_WARN_UNINITIALIZED_AUTOS = YES;
				GCC_WARN_UNUSED_VARIABLE = YES;
				MACOSX_DEPLOYMENT_TARGET = 10.8;
				ONLY_ACTIVE_ARCH = YES;
				SDKROOT = macosx;
			};
			name = Debug;
		};
		E25342D015BEB0980009F19D /* Release */ = {
			isa = XCBuildConfiguration;
			buildSettings = {
				ALWAYS_SEARCH_USER_PATHS = NO;
				CLANG_CXX_LANGUAGE_STANDARD = "gnu++0x";
				CLANG_ENABLE_OBJC_ARC = YES;
				CLANG_WARN__DUPLICATE_METHOD_MATCH = YES;
				COPY_PHASE_STRIP = YES;
				DEBUG_INFORMATION_FORMAT = "dwarf-with-dsym";
				GCC_C_LANGUAGE_STANDARD = gnu99;
				GCC_ENABLE_OBJC_EXCEPTIONS = YES;
				GCC_WARN_64_TO_32_BIT_CONVERSION = YES;
				GCC_WARN_ABOUT_RETURN_TYPE = YES;
				GCC_WARN_UNINITIALIZED_AUTOS = YES;
				GCC_WARN_UNUSED_VARIABLE = YES;
				MACOSX_DEPLOYMENT_TARGET = 10.8;
				SDKROOT = macosx;
			};
			name = Release;
		};
		E25342D515BEB0980009F19D /* Debug */ = {
			isa = XCBuildConfiguration;
			baseConfigurationReference = 562F9103D9ED46D6B586C346 /* Pods-StatsDTests.xcconfig */;
			buildSettings = {
				COMBINE_HIDPI_IMAGES = YES;
				FRAMEWORK_SEARCH_PATHS = "\"$(DEVELOPER_LIBRARY_DIR)/Frameworks\"";
				GCC_PRECOMPILE_PREFIX_HEADER = YES;
				GCC_PREFIX_HEADER = "StatsD/StatsD-Prefix.pch";
				INFOPLIST_FILE = "StatsDTests/StatsDTests-Info.plist";
				PRODUCT_NAME = "$(TARGET_NAME)";
				WRAPPER_EXTENSION = octest;
			};
			name = Debug;
		};
		E25342D615BEB0980009F19D /* Release */ = {
			isa = XCBuildConfiguration;
			baseConfigurationReference = 562F9103D9ED46D6B586C346 /* Pods-StatsDTests.xcconfig */;
			buildSettings = {
				COMBINE_HIDPI_IMAGES = YES;
				FRAMEWORK_SEARCH_PATHS = "\"$(DEVELOPER_LIBRARY_DIR)/Frameworks\"";
				GCC_PRECOMPILE_PREFIX_HEADER = YES;
				GCC_PREFIX_HEADER = "StatsD/StatsD-Prefix.pch";
				INFOPLIST_FILE = "StatsDTests/StatsDTests-Info.plist";
				PRODUCT_NAME = "$(TARGET_NAME)";
				WRAPPER_EXTENSION = octest;
			};
			name = Release;
		};
/* End XCBuildConfiguration section */

/* Begin XCConfigurationList section */
		E2296214162DB27D00BC5B8F /* Build configuration list for PBXNativeTarget "StatsD" */ = {
			isa = XCConfigurationList;
			buildConfigurations = (
				E2296215162DB27D00BC5B8F /* Debug */,
				E2296216162DB27D00BC5B8F /* Release */,
			);
			defaultConfigurationIsVisible = 0;
			defaultConfigurationName = Release;
		};
		E25342A515BEB0970009F19D /* Build configuration list for PBXProject "StatsD" */ = {
			isa = XCConfigurationList;
			buildConfigurations = (
				E25342CF15BEB0980009F19D /* Debug */,
				E25342D015BEB0980009F19D /* Release */,
			);
			defaultConfigurationIsVisible = 0;
			defaultConfigurationName = Release;
		};
		E25342D415BEB0980009F19D /* Build configuration list for PBXNativeTarget "StatsDTests" */ = {
			isa = XCConfigurationList;
			buildConfigurations = (
				E25342D515BEB0980009F19D /* Debug */,
				E25342D615BEB0980009F19D /* Release */,
			);
			defaultConfigurationIsVisible = 0;
			defaultConfigurationName = Release;
		};
/* End XCConfigurationList section */
	};
	rootObject = E25342A215BEB0970009F19D /* Project object */;
}
